
Microsoft Visual Studio Solution File, Format Version 12.00
# Visual Studio 2012
Project("{FAE04EC0-301F-11D3-BF4B-00C04F79EFBC}") = "ConsoleTest", "ConsoleTest\ConsoleTest.csproj", "{28971AFE-6C68-4DA6-8ECC-DD896502BAA8}"
EndProject
Project("{FAE04EC0-301F-11D3-BF4B-00C04F79EFBC}") = "MapLargeConnector", "MapLargeConnector\MapLargeConnector.csproj", "{2F0ED32F-D309-4032-9AD6-39862B51EE68}"
EndProject
Global
	GlobalSection(SolutionConfigurationPlatforms) = preSolution
		Debug|Any CPU = Debug|Any CPU
		Release|Any CPU = Release|Any CPU
	EndGlobalSection
	GlobalSection(ProjectConfigurationPlatforms) = postSolution
		{28971AFE-6C68-4DA6-8ECC-DD896502BAA8}.Debug|Any CPU.ActiveCfg = Debug|Any CPU
		{28971AFE-6C68-4DA6-8ECC-DD896502BAA8}.Debug|Any CPU.Build.0 = Debug|Any CPU
		{28971AFE-6C68-4DA6-8ECC-DD896502BAA8}.Release|Any CPU.ActiveCfg = Release|Any CPU
		{28971AFE-6C68-4DA6-8ECC-DD896502BAA8}.Release|Any CPU.Build.0 = Release|Any CPU
		{2F0ED32F-D309-4032-9AD6-39862B51EE68}.Debug|Any CPU.ActiveCfg = Debug|Any CPU
		{2F0ED32F-D309-4032-9AD6-39862B51EE68}.Debug|Any CPU.Build.0 = Debug|Any CPU
		{2F0ED32F-D309-4032-9AD6-39862B51EE68}.Release|Any CPU.ActiveCfg = Release|Any CPU
		{2F0ED32F-D309-4032-9AD6-39862B51EE68}.Release|Any CPU.Build.0 = Release|Any CPU
	EndGlobalSection
	GlobalSection(SolutionProperties) = preSolution
		HideSolutionNode = FALSE
	EndGlobalSection
EndGlobal
